
Microsoft Visual Studio Solution File, Format Version 12.00
# Visual Studio Version 17
VisualStudioVersion = 17.8.34525.116
MinimumVisualStudioVersion = 10.0.40219.1
Project("{9A19103F-16F7-4668-BE54-9A1E7A4F7556}") = "DotNet.Docker", "DotNet.Docker.csproj", "{5FA4F3B6-E694-4A49-B1AD-F55EC26F5E76}"
EndProject
Global
	GlobalSection(SolutionConfigurationPlatforms) = preSolution
		Debug|Any CPU = Debug|Any CPU
		Release|Any CPU = Release|Any CPU
	EndGlobalSection
	GlobalSection(ProjectConfigurationPlatforms) = postSolution
		{5FA4F3B6-E694-4A49-B1AD-F55EC26F5E76}.Debug|Any CPU.ActiveCfg = Debug|Any CPU
		{5FA4F3B6-E694-4A49-B1AD-F55EC26F5E76}.Debug|Any CPU.Build.0 = Debug|Any CPU
		{5FA4F3B6-E694-4A49-B1AD-F55EC26F5E76}.Release|Any CPU.ActiveCfg = Release|Any CPU
		{5FA4F3B6-E694-4A49-B1AD-F55EC26F5E76}.Release|Any CPU.Build.0 = Release|Any CPU
	EndGlobalSection
	GlobalSection(SolutionProperties) = preSolution
		HideSolutionNode = FALSE
	EndGlobalSection
	GlobalSection(ExtensibilityGlobals) = postSolution
		SolutionGuid = {50278655-0960-46B2-9672-D85ED291B62A}
	EndGlobalSection
EndGlobal
